{
  "object": {
    "pins": [
      {
        "package": "Sparkle",
        "repositoryURL": "https://github.com/sparkle-project/Sparkle",
        "state": {
          "branch": null,
          "revision": "76acd9cb5f52c9a0024d26e6d68917bbcb385b7a",
          "version": "2.0.0-beta.2"
        }
      }
    ]
  },
  "version": 1
}
